
Microsoft Visual Studio Solution File, Format Version 12.00
# Visual Studio Version 16
VisualStudioVersion = 16.0.30621.155
MinimumVisualStudioVersion = 10.0.40219.1
Project("{FAE04EC0-301F-11D3-BF4B-00C04F79EFBC}") = "WindowsFormsApp1", "WindowsFormsApp1\WindowsFormsApp1.csproj", "{692280E7-3532-415A-B6D6-1554CE795D6E}"
EndProject
Global
	GlobalSection(SolutionConfigurationPlatforms) = preSolution
		Debug|Any CPU = Debug|Any CPU
		Release|Any CPU = Release|Any CPU
	EndGlobalSection
	GlobalSection(ProjectConfigurationPlatforms) = postSolution
		{692280E7-3532-415A-B6D6-1554CE795D6E}.Debug|Any CPU.ActiveCfg = Debug|Any CPU
		{692280E7-3532-415A-B6D6-1554CE795D6E}.Debug|Any CPU.Build.0 = Debug|Any CPU
		{692280E7-3532-415A-B6D6-1554CE795D6E}.Release|Any CPU.ActiveCfg = Release|Any CPU
		{692280E7-3532-415A-B6D6-1554CE795D6E}.Release|Any CPU.Build.0 = Release|Any CPU
	EndGlobalSection
	GlobalSection(SolutionProperties) = preSolution
		HideSolutionNode = FALSE
	EndGlobalSection
	GlobalSection(ExtensibilityGlobals) = postSolution
		SolutionGuid = {E466ED79-BFAD-4E27-9D65-0335DF93EC9D}
	EndGlobalSection
EndGlobal
