
Microsoft Visual Studio Solution File, Format Version 12.00
# Visual Studio Version 16
VisualStudioVersion = 16.0.30621.155
MinimumVisualStudioVersion = 10.0.40219.1
Project("{FAE04EC0-301F-11D3-BF4B-00C04F79EFBC}") = "te4st", "te4st\te4st.csproj", "{0089FE43-DCA9-4C54-BB27-D359958EDF7C}"
EndProject
Global
	GlobalSection(SolutionConfigurationPlatforms) = preSolution
		Debug|Any CPU = Debug|Any CPU
		Release|Any CPU = Release|Any CPU
	EndGlobalSection
	GlobalSection(ProjectConfigurationPlatforms) = postSolution
		{0089FE43-DCA9-4C54-BB27-D359958EDF7C}.Debug|Any CPU.ActiveCfg = Debug|Any CPU
		{0089FE43-DCA9-4C54-BB27-D359958EDF7C}.Debug|Any CPU.Build.0 = Debug|Any CPU
		{0089FE43-DCA9-4C54-BB27-D359958EDF7C}.Release|Any CPU.ActiveCfg = Release|Any CPU
		{0089FE43-DCA9-4C54-BB27-D359958EDF7C}.Release|Any CPU.Build.0 = Release|Any CPU
	EndGlobalSection
	GlobalSection(SolutionProperties) = preSolution
		HideSolutionNode = FALSE
	EndGlobalSection
	GlobalSection(ExtensibilityGlobals) = postSolution
		SolutionGuid = {8B049F1A-8114-4FD9-93FA-F2AF47304139}
	EndGlobalSection
EndGlobal
